
Microsoft Visual Studio Solution File, Format Version 12.00
# Visual Studio Version 16
VisualStudioVersion = 16.0.33927.289
MinimumVisualStudioVersion = 10.0.40219.1
Project("{2150E333-8FDC-42A3-9474-1A3956D46DE8}") = "Task0", "Task0", "{B8046892-0499-44A8-ADB6-68AC1953AAD9}"
EndProject
Project("{FAE04EC0-301F-11D3-BF4B-00C04F79EFBC}") = "Tyuiu.BotanogovDS.Sprint1.Task0.V26", "Tyuiu.BotanogovDS.Sprint1.V26\Tyuiu.BotanogovDS.Sprint1.Task0.V26.csproj", "{F643F9E7-1948-432B-84F7-22725C35B770}"
EndProject
Project("{FAE04EC0-301F-11D3-BF4B-00C04F79EFBC}") = "Tyuiu.BotanogovDS.Sprint1.Task0.V26.Test", "Tyuiu.BotanogovDS.Sprint1.V26.Test\Tyuiu.BotanogovDS.Sprint1.Task0.V26.Test.csproj", "{7212300E-CA30-44FA-AEC2-26544A9A9BB7}"
EndProject
Project("{FAE04EC0-301F-11D3-BF4B-00C04F79EFBC}") = "Tyuiu.BotanogovDS.Sprint1.Task0.V26.Lib", "Tyuiu.BotanogovDS.Sprint1.V26.Lib\Tyuiu.BotanogovDS.Sprint1.Task0.V26.Lib.csproj", "{71BD77D6-D821-4454-9FC1-5034490BBD97}"
EndProject
Project("{2150E333-8FDC-42A3-9474-1A3956D46DE8}") = "Task1", "Task1", "{4B1CC111-07EA-4C08-B6ED-F62879E746F4}"
EndProject
Project("{FAE04EC0-301F-11D3-BF4B-00C04F79EFBC}") = "Tyuiu.BotanogovDS.Sprint1.Task1.V29.Lib", "Tyuiu.BotanogovDS.Sprint1.Task1.V29.Lib\Tyuiu.BotanogovDS.Sprint1.Task1.V29.Lib.csproj", "{FD466DBB-CFD3-4AEB-9D85-8C961CB7EB74}"
EndProject
Project("{FAE04EC0-301F-11D3-BF4B-00C04F79EFBC}") = "Tyuiu.BotanogovDS.Sprint1.Task1.V29.Test", "Tyuiu.BotanogovDS.Sprint1.Task1.V29.Test\Tyuiu.BotanogovDS.Sprint1.Task1.V29.Test.csproj", "{0B21B010-3ECA-4D8A-A09F-C61A406F7249}"
EndProject
Project("{FAE04EC0-301F-11D3-BF4B-00C04F79EFBC}") = "Tyuiu.BotanogovDS.Sprint1.Task1.V29", "Tyuiu.BotanogovDS.Sprint1.Task1.V29\Tyuiu.BotanogovDS.Sprint1.Task1.V29.csproj", "{D059D3DD-8437-48F8-B376-7F8457192640}"
EndProject
Project("{2150E333-8FDC-42A3-9474-1A3956D46DE8}") = "Task2", "Task2", "{CCB28CD3-CFA2-4980-AAC3-3A6BB93C58A9}"
EndProject
Project("{2150E333-8FDC-42A3-9474-1A3956D46DE8}") = "Task3", "Task3", "{821BDA59-5528-4ECC-94D3-01D86C088C44}"
EndProject
Project("{FAE04EC0-301F-11D3-BF4B-00C04F79EFBC}") = "Tyuiu.BotanogovDS.Sprint1.Task2.V30.Lib", "Tyuiu.BotanogovDS.Sprint1.Task2.V30.Lib\Tyuiu.BotanogovDS.Sprint1.Task2.V30.Lib.csproj", "{86E4478D-F0F3-4449-9CF9-5CC27C48AED4}"
EndProject
Project("{FAE04EC0-301F-11D3-BF4B-00C04F79EFBC}") = "Tyuiu.BotanogovDS.Sprint1.Task2.V30.Test", "Tyuiu.BotanogovDS.Sprint1.Task2.V30.Test\Tyuiu.BotanogovDS.Sprint1.Task2.V30.Test.csproj", "{0496CCE2-8C58-48DA-BA52-DE0E0A7C0396}"
EndProject
Project("{FAE04EC0-301F-11D3-BF4B-00C04F79EFBC}") = "Tyuiu.BotanogovDS.Sprint1.Task2.V30", "Tyuiu.BotanogovDS.Sprint1.Task2.V30\Tyuiu.BotanogovDS.Sprint1.Task2.V30.csproj", "{99D8322F-6752-468E-96A8-22E45BBAE673}"
EndProject
Project("{FAE04EC0-301F-11D3-BF4B-00C04F79EFBC}") = "Tyuiu.BotanogovDS.Sprint1.Task3.V8", "Tyuiu.BotanogovDS.Sprint1.Task3.V8\Tyuiu.BotanogovDS.Sprint1.Task3.V8.csproj", "{1E60EE04-3D81-4E2E-9A55-154830DD15D5}"
EndProject
Project("{FAE04EC0-301F-11D3-BF4B-00C04F79EFBC}") = "Tyuiu.BotanogovDS.Sprint1.Task3.V8.Test", "Tyuiu.BotanogovDS.Sprint1.Task3.V8.Test\Tyuiu.BotanogovDS.Sprint1.Task3.V8.Test.csproj", "{A400287C-F2EC-49FC-AF2A-198D4D853722}"
EndProject
Project("{FAE04EC0-301F-11D3-BF4B-00C04F79EFBC}") = "Tyuiu.BotanogovDS.Sprint1.Task3.V8.Lib", "Tyuiu.BotanogovDS.Sprint1.Task3.V8.Lib\Tyuiu.BotanogovDS.Sprint1.Task3.V8.Lib.csproj", "{51A757AA-24DF-45C3-9A14-AF8824DC11B8}"
EndProject
Project("{2150E333-8FDC-42A3-9474-1A3956D46DE8}") = "Task4", "Task4", "{C94D4898-7080-407F-A824-9B010A22C6F3}"
EndProject
Project("{FAE04EC0-301F-11D3-BF4B-00C04F79EFBC}") = "Tyuiu.BotanogovDS.Sprint1.Task4.V5.Test", "Tyuiu.BotanogovDS.Sprint1.Task4.V5.Test\Tyuiu.BotanogovDS.Sprint1.Task4.V5.Test.csproj", "{7DC67B31-DEE2-49C9-B0D5-613F635595DF}"
EndProject
Project("{FAE04EC0-301F-11D3-BF4B-00C04F79EFBC}") = "Tyuiu.BotanogovDS.Sprint1.Task4.V5", "Tyuiu.BotanogovDS.Sprint1.Task4.V5\Tyuiu.BotanogovDS.Sprint1.Task4.V5.csproj", "{95CFC9F5-E912-4216-9228-2C9C79FD9B1A}"
EndProject
Project("{FAE04EC0-301F-11D3-BF4B-00C04F79EFBC}") = "Tyuiu.BotanogovDS.Sprint1.Task4.V5.Lib", "Tyuiu.BotanogovDS.Sprint1.Task4.V5.Lib\Tyuiu.BotanogovDS.Sprint1.Task4.V5.Lib.csproj", "{A4153AB7-27F2-4E73-87F3-64FE467D3F77}"
EndProject
Project("{2150E333-8FDC-42A3-9474-1A3956D46DE8}") = "Task5", "Task5", "{C826C536-C089-4B63-8DCF-5743019419DC}"
EndProject
Project("{FAE04EC0-301F-11D3-BF4B-00C04F79EFBC}") = "Tyuiu.BotanogovDS.Sprint1.Task5.V1.Lib", "Tyuiu.BotanogovDS.Sprint1.Task5.V1.Lib\Tyuiu.BotanogovDS.Sprint1.Task5.V1.Lib.csproj", "{4EFAF402-FCF9-4348-86EF-A98D975D132D}"
EndProject
Project("{FAE04EC0-301F-11D3-BF4B-00C04F79EFBC}") = "Tyuiu.BotanogovDS.Sprint1.Task5.V1", "Tyuiu.BotanogovDS.Sprint1.Task5.V1\Tyuiu.BotanogovDS.Sprint1.Task5.V1.csproj", "{75812181-5CAD-4BBF-9F9A-D442DB370347}"
EndProject
Project("{FAE04EC0-301F-11D3-BF4B-00C04F79EFBC}") = "Tyuiu.BotanogovDS.Sprint1.Task5.V1.Test", "Tyuiu.BotanogovDS.Sprint1.Task5.V1.Test\Tyuiu.BotanogovDS.Sprint1.Task5.V1.Test.csproj", "{195DCACF-BE54-43B8-B7F9-BE00673745C4}"
EndProject
Project("{2150E333-8FDC-42A3-9474-1A3956D46DE8}") = "Task6", "Task6", "{ED598B40-F28A-4F9E-8747-0ED3B3CE6765}"
EndProject
Project("{FAE04EC0-301F-11D3-BF4B-00C04F79EFBC}") = "Tyuiu.BotanogovDS.Sprint1.Task6.V1.Lib", "Tyuiu.BotanogovDS.Sprint1.Task6.V1.Lib\Tyuiu.BotanogovDS.Sprint1.Task6.V1.Lib.csproj", "{D942DE4D-D200-4B7C-8837-3D0C67EA239C}"
EndProject
Project("{FAE04EC0-301F-11D3-BF4B-00C04F79EFBC}") = "Tyuiu.BotanogovDS.Sprint1.Task6.V1.Test", "Tyuiu.BotanogovDS.Sprint1.Task6.V1.Test\Tyuiu.BotanogovDS.Sprint1.Task6.V1.Test.csproj", "{587B9F90-BCE7-4839-8A48-6A828939321D}"
EndProject
Project("{FAE04EC0-301F-11D3-BF4B-00C04F79EFBC}") = "Tyuiu.BotanogovDS.Sprint1.Task6.V1", "Tyuiu.BotanogovDS.Sprint1.Task6.V1\Tyuiu.BotanogovDS.Sprint1.Task6.V1.csproj", "{94D53117-B19B-4A08-993A-EBD028799797}"
EndProject
Global
	GlobalSection(SolutionConfigurationPlatforms) = preSolution
		Debug|Any CPU = Debug|Any CPU
		Release|Any CPU = Release|Any CPU
	EndGlobalSection
	GlobalSection(ProjectConfigurationPlatforms) = postSolution
		{F643F9E7-1948-432B-84F7-22725C35B770}.Debug|Any CPU.ActiveCfg = Debug|Any CPU
		{F643F9E7-1948-432B-84F7-22725C35B770}.Debug|Any CPU.Build.0 = Debug|Any CPU
		{F643F9E7-1948-432B-84F7-22725C35B770}.Release|Any CPU.ActiveCfg = Release|Any CPU
		{F643F9E7-1948-432B-84F7-22725C35B770}.Release|Any CPU.Build.0 = Release|Any CPU
		{7212300E-CA30-44FA-AEC2-26544A9A9BB7}.Debug|Any CPU.ActiveCfg = Debug|Any CPU
		{7212300E-CA30-44FA-AEC2-26544A9A9BB7}.Debug|Any CPU.Build.0 = Debug|Any CPU
		{7212300E-CA30-44FA-AEC2-26544A9A9BB7}.Release|Any CPU.ActiveCfg = Release|Any CPU
		{7212300E-CA30-44FA-AEC2-26544A9A9BB7}.Release|Any CPU.Build.0 = Release|Any CPU
		{71BD77D6-D821-4454-9FC1-5034490BBD97}.Debug|Any CPU.ActiveCfg = Debug|Any CPU
		{71BD77D6-D821-4454-9FC1-5034490BBD97}.Debug|Any CPU.Build.0 = Debug|Any CPU
		{71BD77D6-D821-4454-9FC1-5034490BBD97}.Release|Any CPU.ActiveCfg = Release|Any CPU
		{71BD77D6-D821-4454-9FC1-5034490BBD97}.Release|Any CPU.Build.0 = Release|Any CPU
		{FD466DBB-CFD3-4AEB-9D85-8C961CB7EB74}.Debug|Any CPU.ActiveCfg = Debug|Any CPU
		{FD466DBB-CFD3-4AEB-9D85-8C961CB7EB74}.Debug|Any CPU.Build.0 = Debug|Any CPU
		{FD466DBB-CFD3-4AEB-9D85-8C961CB7EB74}.Release|Any CPU.ActiveCfg = Release|Any CPU
		{FD466DBB-CFD3-4AEB-9D85-8C961CB7EB74}.Release|Any CPU.Build.0 = Release|Any CPU
		{0B21B010-3ECA-4D8A-A09F-C61A406F7249}.Debug|Any CPU.ActiveCfg = Debug|Any CPU
		{0B21B010-3ECA-4D8A-A09F-C61A406F7249}.Debug|Any CPU.Build.0 = Debug|Any CPU
		{0B21B010-3ECA-4D8A-A09F-C61A406F7249}.Release|Any CPU.ActiveCfg = Release|Any CPU
		{0B21B010-3ECA-4D8A-A09F-C61A406F7249}.Release|Any CPU.Build.0 = Release|Any CPU
		{D059D3DD-8437-48F8-B376-7F8457192640}.Debug|Any CPU.ActiveCfg = Debug|Any CPU
		{D059D3DD-8437-48F8-B376-7F8457192640}.Debug|Any CPU.Build.0 = Debug|Any CPU
		{D059D3DD-8437-48F8-B376-7F8457192640}.Release|Any CPU.ActiveCfg = Release|Any CPU
		{D059D3DD-8437-48F8-B376-7F8457192640}.Release|Any CPU.Build.0 = Release|Any CPU
		{86E4478D-F0F3-4449-9CF9-5CC27C48AED4}.Debug|Any CPU.ActiveCfg = Debug|Any CPU
		{86E4478D-F0F3-4449-9CF9-5CC27C48AED4}.Debug|Any CPU.Build.0 = Debug|Any CPU
		{86E4478D-F0F3-4449-9CF9-5CC27C48AED4}.Release|Any CPU.ActiveCfg = Release|Any CPU
		{86E4478D-F0F3-4449-9CF9-5CC27C48AED4}.Release|Any CPU.Build.0 = Release|Any CPU
		{0496CCE2-8C58-48DA-BA52-DE0E0A7C0396}.Debug|Any CPU.ActiveCfg = Debug|Any CPU
		{0496CCE2-8C58-48DA-BA52-DE0E0A7C0396}.Debug|Any CPU.Build.0 = Debug|Any CPU
		{0496CCE2-8C58-48DA-BA52-DE0E0A7C0396}.Release|Any CPU.ActiveCfg = Release|Any CPU
		{0496CCE2-8C58-48DA-BA52-DE0E0A7C0396}.Release|Any CPU.Build.0 = Release|Any CPU
		{99D8322F-6752-468E-96A8-22E45BBAE673}.Debug|Any CPU.ActiveCfg = Debug|Any CPU
		{99D8322F-6752-468E-96A8-22E45BBAE673}.Debug|Any CPU.Build.0 = Debug|Any CPU
		{99D8322F-6752-468E-96A8-22E45BBAE673}.Release|Any CPU.ActiveCfg = Release|Any CPU
		{99D8322F-6752-468E-96A8-22E45BBAE673}.Release|Any CPU.Build.0 = Release|Any CPU
		{1E60EE04-3D81-4E2E-9A55-154830DD15D5}.Debug|Any CPU.ActiveCfg = Debug|Any CPU
		{1E60EE04-3D81-4E2E-9A55-154830DD15D5}.Debug|Any CPU.Build.0 = Debug|Any CPU
		{1E60EE04-3D81-4E2E-9A55-154830DD15D5}.Release|Any CPU.ActiveCfg = Release|Any CPU
		{1E60EE04-3D81-4E2E-9A55-154830DD15D5}.Release|Any CPU.Build.0 = Release|Any CPU
		{A400287C-F2EC-49FC-AF2A-198D4D853722}.Debug|Any CPU.ActiveCfg = Debug|Any CPU
		{A400287C-F2EC-49FC-AF2A-198D4D853722}.Debug|Any CPU.Build.0 = Debug|Any CPU
		{A400287C-F2EC-49FC-AF2A-198D4D853722}.Release|Any CPU.ActiveCfg = Release|Any CPU
		{A400287C-F2EC-49FC-AF2A-198D4D853722}.Release|Any CPU.Build.0 = Release|Any CPU
		{51A757AA-24DF-45C3-9A14-AF8824DC11B8}.Debug|Any CPU.ActiveCfg = Debug|Any CPU
		{51A757AA-24DF-45C3-9A14-AF8824DC11B8}.Debug|Any CPU.Build.0 = Debug|Any CPU
		{51A757AA-24DF-45C3-9A14-AF8824DC11B8}.Release|Any CPU.ActiveCfg = Release|Any CPU
		{51A757AA-24DF-45C3-9A14-AF8824DC11B8}.Release|Any CPU.Build.0 = Release|Any CPU
		{7DC67B31-DEE2-49C9-B0D5-613F635595DF}.Debug|Any CPU.ActiveCfg = Debug|Any CPU
		{7DC67B31-DEE2-49C9-B0D5-613F635595DF}.Debug|Any CPU.Build.0 = Debug|Any CPU
		{7DC67B31-DEE2-49C9-B0D5-613F635595DF}.Release|Any CPU.ActiveCfg = Release|Any CPU
		{7DC67B31-DEE2-49C9-B0D5-613F635595DF}.Release|Any CPU.Build.0 = Release|Any CPU
		{95CFC9F5-E912-4216-9228-2C9C79FD9B1A}.Debug|Any CPU.ActiveCfg = Debug|Any CPU
		{95CFC9F5-E912-4216-9228-2C9C79FD9B1A}.Debug|Any CPU.Build.0 = Debug|Any CPU
		{95CFC9F5-E912-4216-9228-2C9C79FD9B1A}.Release|Any CPU.ActiveCfg = Release|Any CPU
		{95CFC9F5-E912-4216-9228-2C9C79FD9B1A}.Release|Any CPU.Build.0 = Release|Any CPU
		{A4153AB7-27F2-4E73-87F3-64FE467D3F77}.Debug|Any CPU.ActiveCfg = Debug|Any CPU
		{A4153AB7-27F2-4E73-87F3-64FE467D3F77}.Debug|Any CPU.Build.0 = Debug|Any CPU
		{A4153AB7-27F2-4E73-87F3-64FE467D3F77}.Release|Any CPU.ActiveCfg = Release|Any CPU
		{A4153AB7-27F2-4E73-87F3-64FE467D3F77}.Release|Any CPU.Build.0 = Release|Any CPU
		{4EFAF402-FCF9-4348-86EF-A98D975D132D}.Debug|Any CPU.ActiveCfg = Debug|Any CPU
		{4EFAF402-FCF9-4348-86EF-A98D975D132D}.Debug|Any CPU.Build.0 = Debug|Any CPU
		{4EFAF402-FCF9-4348-86EF-A98D975D132D}.Release|Any CPU.ActiveCfg = Release|Any CPU
		{4EFAF402-FCF9-4348-86EF-A98D975D132D}.Release|Any CPU.Build.0 = Release|Any CPU
		{75812181-5CAD-4BBF-9F9A-D442DB370347}.Debug|Any CPU.ActiveCfg = Debug|Any CPU
		{75812181-5CAD-4BBF-9F9A-D442DB370347}.Debug|Any CPU.Build.0 = Debug|Any CPU
		{75812181-5CAD-4BBF-9F9A-D442DB370347}.Release|Any CPU.ActiveCfg = Release|Any CPU
		{75812181-5CAD-4BBF-9F9A-D442DB370347}.Release|Any CPU.Build.0 = Release|Any CPU
		{195DCACF-BE54-43B8-B7F9-BE00673745C4}.Debug|Any CPU.ActiveCfg = Debug|Any CPU
		{195DCACF-BE54-43B8-B7F9-BE00673745C4}.Debug|Any CPU.Build.0 = Debug|Any CPU
		{195DCACF-BE54-43B8-B7F9-BE00673745C4}.Release|Any CPU.ActiveCfg = Release|Any CPU
		{195DCACF-BE54-43B8-B7F9-BE00673745C4}.Release|Any CPU.Build.0 = Release|Any CPU
		{D942DE4D-D200-4B7C-8837-3D0C67EA239C}.Debug|Any CPU.ActiveCfg = Debug|Any CPU
		{D942DE4D-D200-4B7C-8837-3D0C67EA239C}.Debug|Any CPU.Build.0 = Debug|Any CPU
		{D942DE4D-D200-4B7C-8837-3D0C67EA239C}.Release|Any CPU.ActiveCfg = Release|Any CPU
		{D942DE4D-D200-4B7C-8837-3D0C67EA239C}.Release|Any CPU.Build.0 = Release|Any CPU
		{587B9F90-BCE7-4839-8A48-6A828939321D}.Debug|Any CPU.ActiveCfg = Debug|Any CPU
		{587B9F90-BCE7-4839-8A48-6A828939321D}.Debug|Any CPU.Build.0 = Debug|Any CPU
		{587B9F90-BCE7-4839-8A48-6A828939321D}.Release|Any CPU.ActiveCfg = Release|Any CPU
		{587B9F90-BCE7-4839-8A48-6A828939321D}.Release|Any CPU.Build.0 = Release|Any CPU
		{94D53117-B19B-4A08-993A-EBD028799797}.Debug|Any CPU.ActiveCfg = Debug|Any CPU
		{94D53117-B19B-4A08-993A-EBD028799797}.Debug|Any CPU.Build.0 = Debug|Any CPU
		{94D53117-B19B-4A08-993A-EBD028799797}.Release|Any CPU.ActiveCfg = Release|Any CPU
		{94D53117-B19B-4A08-993A-EBD028799797}.Release|Any CPU.Build.0 = Release|Any CPU
	EndGlobalSection
	GlobalSection(SolutionProperties) = preSolution
		HideSolutionNode = FALSE
	EndGlobalSection
	GlobalSection(NestedProjects) = preSolution
		{F643F9E7-1948-432B-84F7-22725C35B770} = {B8046892-0499-44A8-ADB6-68AC1953AAD9}
		{7212300E-CA30-44FA-AEC2-26544A9A9BB7} = {B8046892-0499-44A8-ADB6-68AC1953AAD9}
		{71BD77D6-D821-4454-9FC1-5034490BBD97} = {B8046892-0499-44A8-ADB6-68AC1953AAD9}
		{FD466DBB-CFD3-4AEB-9D85-8C961CB7EB74} = {4B1CC111-07EA-4C08-B6ED-F62879E746F4}
		{0B21B010-3ECA-4D8A-A09F-C61A406F7249} = {4B1CC111-07EA-4C08-B6ED-F62879E746F4}
		{D059D3DD-8437-48F8-B376-7F8457192640} = {4B1CC111-07EA-4C08-B6ED-F62879E746F4}
		{86E4478D-F0F3-4449-9CF9-5CC27C48AED4} = {CCB28CD3-CFA2-4980-AAC3-3A6BB93C58A9}
		{0496CCE2-8C58-48DA-BA52-DE0E0A7C0396} = {CCB28CD3-CFA2-4980-AAC3-3A6BB93C58A9}
		{99D8322F-6752-468E-96A8-22E45BBAE673} = {CCB28CD3-CFA2-4980-AAC3-3A6BB93C58A9}
		{1E60EE04-3D81-4E2E-9A55-154830DD15D5} = {821BDA59-5528-4ECC-94D3-01D86C088C44}
		{A400287C-F2EC-49FC-AF2A-198D4D853722} = {821BDA59-5528-4ECC-94D3-01D86C088C44}
		{51A757AA-24DF-45C3-9A14-AF8824DC11B8} = {821BDA59-5528-4ECC-94D3-01D86C088C44}
		{7DC67B31-DEE2-49C9-B0D5-613F635595DF} = {C94D4898-7080-407F-A824-9B010A22C6F3}
		{95CFC9F5-E912-4216-9228-2C9C79FD9B1A} = {C94D4898-7080-407F-A824-9B010A22C6F3}
		{A4153AB7-27F2-4E73-87F3-64FE467D3F77} = {C94D4898-7080-407F-A824-9B010A22C6F3}
		{4EFAF402-FCF9-4348-86EF-A98D975D132D} = {C826C536-C089-4B63-8DCF-5743019419DC}
		{75812181-5CAD-4BBF-9F9A-D442DB370347} = {C826C536-C089-4B63-8DCF-5743019419DC}
		{195DCACF-BE54-43B8-B7F9-BE00673745C4} = {C826C536-C089-4B63-8DCF-5743019419DC}
		{D942DE4D-D200-4B7C-8837-3D0C67EA239C} = {ED598B40-F28A-4F9E-8747-0ED3B3CE6765}
		{587B9F90-BCE7-4839-8A48-6A828939321D} = {ED598B40-F28A-4F9E-8747-0ED3B3CE6765}
		{94D53117-B19B-4A08-993A-EBD028799797} = {ED598B40-F28A-4F9E-8747-0ED3B3CE6765}
	EndGlobalSection
	GlobalSection(ExtensibilityGlobals) = postSolution
		SolutionGuid = {F6D2D85A-2B68-465F-941C-8033269CAF8D}
	EndGlobalSection
EndGlobal
